
Microsoft Visual Studio Solution File, Format Version 12.00
# Visual Studio Version 17
VisualStudioVersion = 17.7.34221.43
MinimumVisualStudioVersion = 10.0.40219.1
Project("{FAE04EC0-301F-11D3-BF4B-00C04F79EFBC}") = "Startup", "Startup.csproj", "{598F5AD5-E90B-42EB-808C-53543DE33355}"
EndProject
Project("{FAE04EC0-301F-11D3-BF4B-00C04F79EFBC}") = "CodeKata", "..\CodeKata\CodeKata.csproj", "{DD1B27CF-5FD2-4C06-8F56-7F00397B4FAD}"
EndProject
Project("{FAE04EC0-301F-11D3-BF4B-00C04F79EFBC}") = "AwesomeKatas_Tests", "..\AwesomeKatas_Tests\AwesomeKatas_Tests.csproj", "{C2FFEB04-B913-42FA-A851-4BEBF094F5F6}"
EndProject
Global
	GlobalSection(SolutionConfigurationPlatforms) = preSolution
		Debug|Any CPU = Debug|Any CPU
		Release|Any CPU = Release|Any CPU
	EndGlobalSection
	GlobalSection(ProjectConfigurationPlatforms) = postSolution
		{598F5AD5-E90B-42EB-808C-53543DE33355}.Debug|Any CPU.ActiveCfg = Debug|Any CPU
		{598F5AD5-E90B-42EB-808C-53543DE33355}.Debug|Any CPU.Build.0 = Debug|Any CPU
		{598F5AD5-E90B-42EB-808C-53543DE33355}.Release|Any CPU.ActiveCfg = Release|Any CPU
		{598F5AD5-E90B-42EB-808C-53543DE33355}.Release|Any CPU.Build.0 = Release|Any CPU
		{DD1B27CF-5FD2-4C06-8F56-7F00397B4FAD}.Debug|Any CPU.ActiveCfg = Debug|Any CPU
		{DD1B27CF-5FD2-4C06-8F56-7F00397B4FAD}.Debug|Any CPU.Build.0 = Debug|Any CPU
		{DD1B27CF-5FD2-4C06-8F56-7F00397B4FAD}.Release|Any CPU.ActiveCfg = Release|Any CPU
		{DD1B27CF-5FD2-4C06-8F56-7F00397B4FAD}.Release|Any CPU.Build.0 = Release|Any CPU
		{C2FFEB04-B913-42FA-A851-4BEBF094F5F6}.Debug|Any CPU.ActiveCfg = Debug|Any CPU
		{C2FFEB04-B913-42FA-A851-4BEBF094F5F6}.Debug|Any CPU.Build.0 = Debug|Any CPU
		{C2FFEB04-B913-42FA-A851-4BEBF094F5F6}.Release|Any CPU.ActiveCfg = Release|Any CPU
		{C2FFEB04-B913-42FA-A851-4BEBF094F5F6}.Release|Any CPU.Build.0 = Release|Any CPU
	EndGlobalSection
	GlobalSection(SolutionProperties) = preSolution
		HideSolutionNode = FALSE
	EndGlobalSection
	GlobalSection(ExtensibilityGlobals) = postSolution
		SolutionGuid = {DC5F800C-1C0F-4A45-827E-AEB435E4EA74}
	EndGlobalSection
EndGlobal
